
Microsoft Visual Studio Solution File, Format Version 12.00
# Visual Studio Version 16
VisualStudioVersion = 16.0.29911.84
MinimumVisualStudioVersion = 10.0.40219.1
Project("{FAE04EC0-301F-11D3-BF4B-00C04F79EFBC}") = "Snakes and Ladders", "Snakes and Ladders\Snakes and Ladders.csproj", "{5064F17D-5428-418B-9537-65D292579D79}"
EndProject
Global
	GlobalSection(SolutionConfigurationPlatforms) = preSolution
		Debug|Any CPU = Debug|Any CPU
		Release|Any CPU = Release|Any CPU
	EndGlobalSection
	GlobalSection(ProjectConfigurationPlatforms) = postSolution
		{5064F17D-5428-418B-9537-65D292579D79}.Debug|Any CPU.ActiveCfg = Debug|Any CPU
		{5064F17D-5428-418B-9537-65D292579D79}.Debug|Any CPU.Build.0 = Debug|Any CPU
		{5064F17D-5428-418B-9537-65D292579D79}.Release|Any CPU.ActiveCfg = Release|Any CPU
		{5064F17D-5428-418B-9537-65D292579D79}.Release|Any CPU.Build.0 = Release|Any CPU
	EndGlobalSection
	GlobalSection(SolutionProperties) = preSolution
		HideSolutionNode = FALSE
	EndGlobalSection
	GlobalSection(ExtensibilityGlobals) = postSolution
		SolutionGuid = {E65A9009-F442-43B7-A843-EBBC6A57108D}
	EndGlobalSection
EndGlobal
